
Microsoft Visual Studio Solution File, Format Version 12.00
# Visual Studio 15
VisualStudioVersion = 15.0.27130.2010
MinimumVisualStudioVersion = 10.0.40219.1
Project("{FAE04EC0-301F-11D3-BF4B-00C04F79EFBC}") = "Mein_1", "Mein_1\Mein_1.csproj", "{E8B2BB22-840F-4E3C-9F46-56B6AA098368}"
EndProject
Global
	GlobalSection(SolutionConfigurationPlatforms) = preSolution
		Debug|Any CPU = Debug|Any CPU
		Release|Any CPU = Release|Any CPU
	EndGlobalSection
	GlobalSection(ProjectConfigurationPlatforms) = postSolution
		{E8B2BB22-840F-4E3C-9F46-56B6AA098368}.Debug|Any CPU.ActiveCfg = Debug|Any CPU
		{E8B2BB22-840F-4E3C-9F46-56B6AA098368}.Debug|Any CPU.Build.0 = Debug|Any CPU
		{E8B2BB22-840F-4E3C-9F46-56B6AA098368}.Release|Any CPU.ActiveCfg = Release|Any CPU
		{E8B2BB22-840F-4E3C-9F46-56B6AA098368}.Release|Any CPU.Build.0 = Release|Any CPU
	EndGlobalSection
	GlobalSection(SolutionProperties) = preSolution
		HideSolutionNode = FALSE
	EndGlobalSection
	GlobalSection(ExtensibilityGlobals) = postSolution
		SolutionGuid = {04157AD6-ECF1-45B8-B5D0-4660D8B619E4}
	EndGlobalSection
EndGlobal
